
Microsoft Visual Studio Solution File, Format Version 12.00
Project("{FAE04EC0-301F-11D3-BF4B-00C04F79EFBC}") = "FactoryRefineryFix", "FactoryRefineryFix.csproj", "{13420C25-E91A-4A73-A97D-56F3AB792CBE}"
EndProject
Global
	GlobalSection(SolutionConfigurationPlatforms) = preSolution
		Debug|Any CPU = Debug|Any CPU
		Release|Any CPU = Release|Any CPU
	EndGlobalSection
	GlobalSection(ProjectConfigurationPlatforms) = postSolution
		{13420C25-E91A-4A73-A97D-56F3AB792CBE}.Debug|Any CPU.ActiveCfg = Debug|Any CPU
		{13420C25-E91A-4A73-A97D-56F3AB792CBE}.Debug|Any CPU.Build.0 = Debug|Any CPU
		{13420C25-E91A-4A73-A97D-56F3AB792CBE}.Release|Any CPU.ActiveCfg = Release|Any CPU
		{13420C25-E91A-4A73-A97D-56F3AB792CBE}.Release|Any CPU.Build.0 = Release|Any CPU
	EndGlobalSection
EndGlobal
